// !$*UTF8*$!
{
	archiveVersion = 1;
	classes = {
	};
	objectVersion = 56;
	objects = {

/* Begin PBXBuildFile section */
		3C8E299E2AF65A3B006F4DEB /* ZephyrOfflineApp.swift in Sources */ = {isa = PBXBuildFile; fileRef = 3C8E299D2AF65A3B006F4DEB /* ZephyrOfflineApp.swift */; };
		3C8E29A02AF65A3B006F4DEB /* ContentView.swift in Sources */ = {isa = PBXBuildFile; fileRef = 3C8E299F2AF65A3B006F4DEB /* ContentView.swift */; };
		3C8E29A22AF65A3B006F4DEB /* Assets.xcassets in Resources */ = {isa = PBXBuildFile; fileRef = 3C8E29A12AF65A3B006F4DEB /* Assets.xcassets */; };
		3C8E29A62AF65A3B006F4DEB /* Preview Assets.xcassets in Resources */ = {isa = PBXBuildFile; fileRef = 3C8E29A52AF65A3B006F4DEB /* Preview Assets.xcassets */; };
		3C8E29B12AF66CB2006F4DEB /* Student.swift in Sources */ = {isa = PBXBuildFile; fileRef = 3C8E29B02AF66CB2006F4DEB /* Student.swift */; };
		3C8E29B32AF66CD3006F4DEB /* StudentData.swift in Sources */ = {isa = PBXBuildFile; fileRef = 3C8E29B22AF66CD3006F4DEB /* StudentData.swift */; };
		3C8E29B52AF66CEB006F4DEB /* AlertInfo.swift in Sources */ = {isa = PBXBuildFile; fileRef = 3C8E29B42AF66CEB006F4DEB /* AlertInfo.swift */; };
		3C8E29B72AF66D16006F4DEB /* StudentViewModel.swift in Sources */ = {isa = PBXBuildFile; fileRef = 3C8E29B62AF66D16006F4DEB /* StudentViewModel.swift */; };
		3C8E29B92AF66D45006F4DEB /* StudentDetailView.swift in Sources */ = {isa = PBXBuildFile; fileRef = 3C8E29B82AF66D45006F4DEB /* StudentDetailView.swift */; };
		3C8E29BB2AF66D5D006F4DEB /* AddNewStudentView.swift in Sources */ = {isa = PBXBuildFile; fileRef = 3C8E29BA2AF66D5D006F4DEB /* AddNewStudentView.swift */; };
		3C8E29BD2AF66D7B006F4DEB /* CustomToolbarView.swift in Sources */ = {isa = PBXBuildFile; fileRef = 3C8E29BC2AF66D7B006F4DEB /* CustomToolbarView.swift */; };
		3C8E29BF2AF66D8C006F4DEB /* MultiPickerView.swift in Sources */ = {isa = PBXBuildFile; fileRef = 3C8E29BE2AF66D8C006F4DEB /* MultiPickerView.swift */; };
		3C8E29C12AF66DA8006F4DEB /* StudentListItemView.swift in Sources */ = {isa = PBXBuildFile; fileRef = 3C8E29C02AF66DA8006F4DEB /* StudentListItemView.swift */; };
		3C8E29C32AF66DC0006F4DEB /* StudentDetailRowView.swift in Sources */ = {isa = PBXBuildFile; fileRef = 3C8E29C22AF66DC0006F4DEB /* StudentDetailRowView.swift */; };
		3C8E29C52AF66DD5006F4DEB /* LearnerItemView.swift in Sources */ = {isa = PBXBuildFile; fileRef = 3C8E29C42AF66DD5006F4DEB /* LearnerItemView.swift */; };
		3C8E29C72AF66DE6006F4DEB /* CustomTextField.swift in Sources */ = {isa = PBXBuildFile; fileRef = 3C8E29C62AF66DE6006F4DEB /* CustomTextField.swift */; };
		3C8E29C92AF66DFE006F4DEB /* MapView.swift in Sources */ = {isa = PBXBuildFile; fileRef = 3C8E29C82AF66DFE006F4DEB /* MapView.swift */; };
		3C8E29CB2AF66E2B006F4DEB /* StudentDetailViewExt.swift in Sources */ = {isa = PBXBuildFile; fileRef = 3C8E29CA2AF66E2B006F4DEB /* StudentDetailViewExt.swift */; };
		3C8E29CD2AF66E40006F4DEB /* StudentEditDetailView.swift in Sources */ = {isa = PBXBuildFile; fileRef = 3C8E29CC2AF66E40006F4DEB /* StudentEditDetailView.swift */; };
		3C8E29CF2AF66E55006F4DEB /* AddNewStudentViewExt.swift in Sources */ = {isa = PBXBuildFile; fileRef = 3C8E29CE2AF66E55006F4DEB /* AddNewStudentViewExt.swift */; };
		3C8E29D12AF66E7B006F4DEB /* MainRectangleExt.swift in Sources */ = {isa = PBXBuildFile; fileRef = 3C8E29D02AF66E7B006F4DEB /* MainRectangleExt.swift */; };
		3C8E29D32AF66E9B006F4DEB /* SmallerRectangleExt.swift in Sources */ = {isa = PBXBuildFile; fileRef = 3C8E29D22AF66E9B006F4DEB /* SmallerRectangleExt.swift */; };
		3C8E29D52AF66EB5006F4DEB /* TextField-NumericExt.swift in Sources */ = {isa = PBXBuildFile; fileRef = 3C8E29D42AF66EB5006F4DEB /* TextField-NumericExt.swift */; };
		3C8E29D72AF66ED1006F4DEB /* TextField-LettersExt.swift in Sources */ = {isa = PBXBuildFile; fileRef = 3C8E29D62AF66ED1006F4DEB /* TextField-LettersExt.swift */; };
		3C8E29D92AF66EE8006F4DEB /* BackCustomButtonExt.swift in Sources */ = {isa = PBXBuildFile; fileRef = 3C8E29D82AF66EE8006F4DEB /* BackCustomButtonExt.swift */; };
		3C8E29DB2AF66EFC006F4DEB /* CustomCancelButton.swift in Sources */ = {isa = PBXBuildFile; fileRef = 3C8E29DA2AF66EFC006F4DEB /* CustomCancelButton.swift */; };
		3C8E29DD2AF66F1E006F4DEB /* nations.txt in Resources */ = {isa = PBXBuildFile; fileRef = 3C8E29DC2AF66F1E006F4DEB /* nations.txt */; };
		3C8E29DF2AF66F54006F4DEB /* FilemakerOData.swift in Sources */ = {isa = PBXBuildFile; fileRef = 3C8E29DE2AF66F54006F4DEB /* FilemakerOData.swift */; };
		3C8E29E22AF66FF1006F4DEB /* DataModel.xcdatamodeld in Sources */ = {isa = PBXBuildFile; fileRef = 3C8E29E02AF66FF1006F4DEB /* DataModel.xcdatamodeld */; };
		3C8E29E42AF670CB006F4DEB /* PersistenceController.swift in Sources */ = {isa = PBXBuildFile; fileRef = 3C8E29E32AF670CB006F4DEB /* PersistenceController.swift */; };
/* End PBXBuildFile section */

/* Begin PBXFileReference section */
		3C8E299A2AF65A3B006F4DEB /* ZephyrOffline.app */ = {isa = PBXFileReference; explicitFileType = wrapper.application; includeInIndex = 0; path = ZephyrOffline.app; sourceTree = BUILT_PRODUCTS_DIR; };
		3C8E299D2AF65A3B006F4DEB /* ZephyrOfflineApp.swift */ = {isa = PBXFileReference; lastKnownFileType = sourcecode.swift; path = ZephyrOfflineApp.swift; sourceTree = "<group>"; };
		3C8E299F2AF65A3B006F4DEB /* ContentView.swift */ = {isa = PBXFileReference; lastKnownFileType = sourcecode.swift; path = ContentView.swift; sourceTree = "<group>"; };
		3C8E29A12AF65A3B006F4DEB /* Assets.xcassets */ = {isa = PBXFileReference; lastKnownFileType = folder.assetcatalog; path = Assets.xcassets; sourceTree = "<group>"; };
		3C8E29A32AF65A3B006F4DEB /* ZephyrOffline.entitlements */ = {isa = PBXFileReference; lastKnownFileType = text.plist.entitlements; path = ZephyrOffline.entitlements; sourceTree = "<group>"; };
		3C8E29A52AF65A3B006F4DEB /* Preview Assets.xcassets */ = {isa = PBXFileReference; lastKnownFileType = folder.assetcatalog; path = "Preview Assets.xcassets"; sourceTree = "<group>"; };
		3C8E29B02AF66CB2006F4DEB /* Student.swift */ = {isa = PBXFileReference; lastKnownFileType = sourcecode.swift; path = Student.swift; sourceTree = "<group>"; };
		3C8E29B22AF66CD3006F4DEB /* StudentData.swift */ = {isa = PBXFileReference; lastKnownFileType = sourcecode.swift; path = StudentData.swift; sourceTree = "<group>"; };
		3C8E29B42AF66CEB006F4DEB /* AlertInfo.swift */ = {isa = PBXFileReference; lastKnownFileType = sourcecode.swift; path = AlertInfo.swift; sourceTree = "<group>"; };
		3C8E29B62AF66D16006F4DEB /* StudentViewModel.swift */ = {isa = PBXFileReference; lastKnownFileType = sourcecode.swift; path = StudentViewModel.swift; sourceTree = "<group>"; };
		3C8E29B82AF66D45006F4DEB /* StudentDetailView.swift */ = {isa = PBXFileReference; lastKnownFileType = sourcecode.swift; path = StudentDetailView.swift; sourceTree = "<group>"; };
		3C8E29BA2AF66D5D006F4DEB /* AddNewStudentView.swift */ = {isa = PBXFileReference; lastKnownFileType = sourcecode.swift; path = AddNewStudentView.swift; sourceTree = "<group>"; };
		3C8E29BC2AF66D7B006F4DEB /* CustomToolbarView.swift */ = {isa = PBXFileReference; lastKnownFileType = sourcecode.swift; path = CustomToolbarView.swift; sourceTree = "<group>"; };
		3C8E29BE2AF66D8C006F4DEB /* MultiPickerView.swift */ = {isa = PBXFileReference; lastKnownFileType = sourcecode.swift; path = MultiPickerView.swift; sourceTree = "<group>"; };
		3C8E29C02AF66DA8006F4DEB /* StudentListItemView.swift */ = {isa = PBXFileReference; lastKnownFileType = sourcecode.swift; path = StudentListItemView.swift; sourceTree = "<group>"; };
		3C8E29C22AF66DC0006F4DEB /* StudentDetailRowView.swift */ = {isa = PBXFileReference; lastKnownFileType = sourcecode.swift; path = StudentDetailRowView.swift; sourceTree = "<group>"; };
		3C8E29C42AF66DD5006F4DEB /* LearnerItemView.swift */ = {isa = PBXFileReference; lastKnownFileType = sourcecode.swift; path = LearnerItemView.swift; sourceTree = "<group>"; };
		3C8E29C62AF66DE6006F4DEB /* CustomTextField.swift */ = {isa = PBXFileReference; lastKnownFileType = sourcecode.swift; path = CustomTextField.swift; sourceTree = "<group>"; };
		3C8E29C82AF66DFE006F4DEB /* MapView.swift */ = {isa = PBXFileReference; lastKnownFileType = sourcecode.swift; path = MapView.swift; sourceTree = "<group>"; };
		3C8E29CA2AF66E2B006F4DEB /* StudentDetailViewExt.swift */ = {isa = PBXFileReference; lastKnownFileType = sourcecode.swift; path = StudentDetailViewExt.swift; sourceTree = "<group>"; };
		3C8E29CC2AF66E40006F4DEB /* StudentEditDetailView.swift */ = {isa = PBXFileReference; lastKnownFileType = sourcecode.swift; path = StudentEditDetailView.swift; sourceTree = "<group>"; };
		3C8E29CE2AF66E55006F4DEB /* AddNewStudentViewExt.swift */ = {isa = PBXFileReference; lastKnownFileType = sourcecode.swift; path = AddNewStudentViewExt.swift; sourceTree = "<group>"; };
		3C8E29D02AF66E7B006F4DEB /* MainRectangleExt.swift */ = {isa = PBXFileReference; lastKnownFileType = sourcecode.swift; path = MainRectangleExt.swift; sourceTree = "<group>"; };
		3C8E29D22AF66E9B006F4DEB /* SmallerRectangleExt.swift */ = {isa = PBXFileReference; lastKnownFileType = sourcecode.swift; path = SmallerRectangleExt.swift; sourceTree = "<group>"; };
		3C8E29D42AF66EB5006F4DEB /* TextField-NumericExt.swift */ = {isa = PBXFileReference; lastKnownFileType = sourcecode.swift; path = "TextField-NumericExt.swift"; sourceTree = "<group>"; };
		3C8E29D62AF66ED1006F4DEB /* TextField-LettersExt.swift */ = {isa = PBXFileReference; lastKnownFileType = sourcecode.swift; path = "TextField-LettersExt.swift"; sourceTree = "<group>"; };
		3C8E29D82AF66EE8006F4DEB /* BackCustomButtonExt.swift */ = {isa = PBXFileReference; lastKnownFileType = sourcecode.swift; path = BackCustomButtonExt.swift; sourceTree = "<group>"; };
		3C8E29DA2AF66EFC006F4DEB /* CustomCancelButton.swift */ = {isa = PBXFileReference; lastKnownFileType = sourcecode.swift; path = CustomCancelButton.swift; sourceTree = "<group>"; };
		3C8E29DC2AF66F1E006F4DEB /* nations.txt */ = {isa = PBXFileReference; fileEncoding = 4; lastKnownFileType = text; path = nations.txt; sourceTree = "<group>"; };
		3C8E29DE2AF66F54006F4DEB /* FilemakerOData.swift */ = {isa = PBXFileReference; lastKnownFileType = sourcecode.swift; path = FilemakerOData.swift; sourceTree = "<group>"; };
		3C8E29E12AF66FF1006F4DEB /* DataModel.xcdatamodel */ = {isa = PBXFileReference; lastKnownFileType = wrapper.xcdatamodel; path = DataModel.xcdatamodel; sourceTree = "<group>"; };
		3C8E29E32AF670CB006F4DEB /* PersistenceController.swift */ = {isa = PBXFileReference; lastKnownFileType = sourcecode.swift; path = PersistenceController.swift; sourceTree = "<group>"; };
/* End PBXFileReference section */

/* Begin PBXFrameworksBuildPhase section */
		3C8E29972AF65A3B006F4DEB /* Frameworks */ = {
			isa = PBXFrameworksBuildPhase;
			buildActionMask = 2147483647;
			files = (
			);
			runOnlyForDeploymentPostprocessing = 0;
		};
/* End PBXFrameworksBuildPhase section */

/* Begin PBXGroup section */
		3C8E29912AF65A3B006F4DEB = {
			isa = PBXGroup;
			children = (
				3C8E299C2AF65A3B006F4DEB /* ZephyrOffline */,
				3C8E299B2AF65A3B006F4DEB /* Products */,
			);
			sourceTree = "<group>";
		};
		3C8E299B2AF65A3B006F4DEB /* Products */ = {
			isa = PBXGroup;
			children = (
				3C8E299A2AF65A3B006F4DEB /* ZephyrOffline.app */,
			);
			name = Products;
			sourceTree = "<group>";
		};
		3C8E299C2AF65A3B006F4DEB /* ZephyrOffline */ = {
			isa = PBXGroup;
			children = (
				3C8E299D2AF65A3B006F4DEB /* ZephyrOfflineApp.swift */,
				3C8E29AD2AF65B65006F4DEB /* Models */,
				3C8E29AC2AF65B5B006F4DEB /* Views */,
				3C8E29AE2AF65B6C006F4DEB /* Components */,
				3C8E29AF2AF65B74006F4DEB /* Extensions */,
				3C8E29DE2AF66F54006F4DEB /* FilemakerOData.swift */,
				3C8E29A12AF65A3B006F4DEB /* Assets.xcassets */,
				3C8E29DC2AF66F1E006F4DEB /* nations.txt */,
				3C8E29A32AF65A3B006F4DEB /* ZephyrOffline.entitlements */,
				3C8E29A42AF65A3B006F4DEB /* Preview Content */,
			);
			path = ZephyrOffline;
			sourceTree = "<group>";
		};
		3C8E29A42AF65A3B006F4DEB /* Preview Content */ = {
			isa = PBXGroup;
			children = (
				3C8E29A52AF65A3B006F4DEB /* Preview Assets.xcassets */,
			);
			path = "Preview Content";
			sourceTree = "<group>";
		};
		3C8E29AC2AF65B5B006F4DEB /* Views */ = {
			isa = PBXGroup;
			children = (
				3C8E29B62AF66D16006F4DEB /* StudentViewModel.swift */,
				3C8E299F2AF65A3B006F4DEB /* ContentView.swift */,
				3C8E29B82AF66D45006F4DEB /* StudentDetailView.swift */,
				3C8E29BA2AF66D5D006F4DEB /* AddNewStudentView.swift */,
				3C8E29E32AF670CB006F4DEB /* PersistenceController.swift */,
			);
			path = Views;
			sourceTree = "<group>";
		};
		3C8E29AD2AF65B65006F4DEB /* Models */ = {
			isa = PBXGroup;
			children = (
				3C8E29B02AF66CB2006F4DEB /* Student.swift */,
				3C8E29B22AF66CD3006F4DEB /* StudentData.swift */,
				3C8E29B42AF66CEB006F4DEB /* AlertInfo.swift */,
				3C8E29E02AF66FF1006F4DEB /* DataModel.xcdatamodeld */,
			);
			path = Models;
			sourceTree = "<group>";
		};
		3C8E29AE2AF65B6C006F4DEB /* Components */ = {
			isa = PBXGroup;
			children = (
				3C8E29BC2AF66D7B006F4DEB /* CustomToolbarView.swift */,
				3C8E29BE2AF66D8C006F4DEB /* MultiPickerView.swift */,
				3C8E29C02AF66DA8006F4DEB /* StudentListItemView.swift */,
				3C8E29C22AF66DC0006F4DEB /* StudentDetailRowView.swift */,
				3C8E29C42AF66DD5006F4DEB /* LearnerItemView.swift */,
				3C8E29C62AF66DE6006F4DEB /* CustomTextField.swift */,
				3C8E29C82AF66DFE006F4DEB /* MapView.swift */,
			);
			path = Components;
			sourceTree = "<group>";
		};
		3C8E29AF2AF65B74006F4DEB /* Extensions */ = {
			isa = PBXGroup;
			children = (
				3C8E29CA2AF66E2B006F4DEB /* StudentDetailViewExt.swift */,
				3C8E29CC2AF66E40006F4DEB /* StudentEditDetailView.swift */,
				3C8E29CE2AF66E55006F4DEB /* AddNewStudentViewExt.swift */,
				3C8E29D02AF66E7B006F4DEB /* MainRectangleExt.swift */,
				3C8E29D22AF66E9B006F4DEB /* SmallerRectangleExt.swift */,
				3C8E29D42AF66EB5006F4DEB /* TextField-NumericExt.swift */,
				3C8E29D62AF66ED1006F4DEB /* TextField-LettersExt.swift */,
				3C8E29D82AF66EE8006F4DEB /* BackCustomButtonExt.swift */,
				3C8E29DA2AF66EFC006F4DEB /* CustomCancelButton.swift */,
			);
			path = Extensions;
			sourceTree = "<group>";
		};
/* End PBXGroup section */

/* Begin PBXNativeTarget section */
		3C8E29992AF65A3B006F4DEB /* ZephyrOffline */ = {
			isa = PBXNativeTarget;
			buildConfigurationList = 3C8E29A92AF65A3B006F4DEB /* Build configuration list for PBXNativeTarget "ZephyrOffline" */;
			buildPhases = (
				3C8E29962AF65A3B006F4DEB /* Sources */,
				3C8E29972AF65A3B006F4DEB /* Frameworks */,
				3C8E29982AF65A3B006F4DEB /* Resources */,
			);
			buildRules = (
			);
			dependencies = (
			);
			name = ZephyrOffline;
			productName = ZephyrOffline;
			productReference = 3C8E299A2AF65A3B006F4DEB /* ZephyrOffline.app */;
			productType = "com.apple.product-type.application";
		};
/* End PBXNativeTarget section */

/* Begin PBXProject section */
		3C8E29922AF65A3B006F4DEB /* Project object */ = {
			isa = PBXProject;
			attributes = {
				BuildIndependentTargetsInParallel = 1;
				LastSwiftUpdateCheck = 1500;
				LastUpgradeCheck = 1500;
				TargetAttributes = {
					3C8E29992AF65A3B006F4DEB = {
						CreatedOnToolsVersion = 15.0.1;
					};
				};
			};
			buildConfigurationList = 3C8E29952AF65A3B006F4DEB /* Build configuration list for PBXProject "ZephyrOffline" */;
			compatibilityVersion = "Xcode 14.0";
			developmentRegion = en;
			hasScannedForEncodings = 0;
			knownRegions = (
				en,
				Base,
			);
			mainGroup = 3C8E29912AF65A3B006F4DEB;
			productRefGroup = 3C8E299B2AF65A3B006F4DEB /* Products */;
			projectDirPath = "";
			projectRoot = "";
			targets = (
				3C8E29992AF65A3B006F4DEB /* ZephyrOffline */,
			);
		};
/* End PBXProject section */

/* Begin PBXResourcesBuildPhase section */
		3C8E29982AF65A3B006F4DEB /* Resources */ = {
			isa = PBXResourcesBuildPhase;
			buildActionMask = 2147483647;
			files = (
				3C8E29A62AF65A3B006F4DEB /* Preview Assets.xcassets in Resources */,
				3C8E29A22AF65A3B006F4DEB /* Assets.xcassets in Resources */,
				3C8E29DD2AF66F1E006F4DEB /* nations.txt in Resources */,
			);
			runOnlyForDeploymentPostprocessing = 0;
		};
/* End PBXResourcesBuildPhase section */

/* Begin PBXSourcesBuildPhase section */
		3C8E29962AF65A3B006F4DEB /* Sources */ = {
			isa = PBXSourcesBuildPhase;
			buildActionMask = 2147483647;
			files = (
				3C8E29DB2AF66EFC006F4DEB /* CustomCancelButton.swift in Sources */,
				3C8E29D52AF66EB5006F4DEB /* TextField-NumericExt.swift in Sources */,
				3C8E29C72AF66DE6006F4DEB /* CustomTextField.swift in Sources */,
				3C8E29B92AF66D45006F4DEB /* StudentDetailView.swift in Sources */,
				3C8E29B72AF66D16006F4DEB /* StudentViewModel.swift in Sources */,
				3C8E29BF2AF66D8C006F4DEB /* MultiPickerView.swift in Sources */,
				3C8E29A02AF65A3B006F4DEB /* ContentView.swift in Sources */,
				3C8E29B52AF66CEB006F4DEB /* AlertInfo.swift in Sources */,
				3C8E29C52AF66DD5006F4DEB /* LearnerItemView.swift in Sources */,
				3C8E29E42AF670CB006F4DEB /* PersistenceController.swift in Sources */,
				3C8E29C92AF66DFE006F4DEB /* MapView.swift in Sources */,
				3C8E29B32AF66CD3006F4DEB /* StudentData.swift in Sources */,
				3C8E29D12AF66E7B006F4DEB /* MainRectangleExt.swift in Sources */,
				3C8E29D72AF66ED1006F4DEB /* TextField-LettersExt.swift in Sources */,
				3C8E29D92AF66EE8006F4DEB /* BackCustomButtonExt.swift in Sources */,
				3C8E29D32AF66E9B006F4DEB /* SmallerRectangleExt.swift in Sources */,
				3C8E29C32AF66DC0006F4DEB /* StudentDetailRowView.swift in Sources */,
				3C8E29B12AF66CB2006F4DEB /* Student.swift in Sources */,
				3C8E29CF2AF66E55006F4DEB /* AddNewStudentViewExt.swift in Sources */,
				3C8E29CB2AF66E2B006F4DEB /* StudentDetailViewExt.swift in Sources */,
				3C8E29BD2AF66D7B006F4DEB /* CustomToolbarView.swift in Sources */,
				3C8E299E2AF65A3B006F4DEB /* ZephyrOfflineApp.swift in Sources */,
				3C8E29C12AF66DA8006F4DEB /* StudentListItemView.swift in Sources */,
				3C8E29DF2AF66F54006F4DEB /* FilemakerOData.swift in Sources */,
				3C8E29E22AF66FF1006F4DEB /* DataModel.xcdatamodeld in Sources */,
				3C8E29BB2AF66D5D006F4DEB /* AddNewStudentView.swift in Sources */,
				3C8E29CD2AF66E40006F4DEB /* StudentEditDetailView.swift in Sources */,
			);
			runOnlyForDeploymentPostprocessing = 0;
		};
/* End PBXSourcesBuildPhase section */

/* Begin XCBuildConfiguration section */
		3C8E29A72AF65A3B006F4DEB /* Debug */ = {
			isa = XCBuildConfiguration;
			buildSettings = {
				ALWAYS_SEARCH_USER_PATHS = NO;
				ASSETCATALOG_COMPILER_GENERATE_SWIFT_ASSET_SYMBOL_EXTENSIONS = YES;
				CLANG_ANALYZER_NONNULL = YES;
				CLANG_ANALYZER_NUMBER_OBJECT_CONVERSION = YES_AGGRESSIVE;
				CLANG_CXX_LANGUAGE_STANDARD = "gnu++20";
				CLANG_ENABLE_MODULES = YES;
				CLANG_ENABLE_OBJC_ARC = YES;
				CLANG_ENABLE_OBJC_WEAK = YES;
				CLANG_WARN_BLOCK_CAPTURE_AUTORELEASING = YES;
				CLANG_WARN_BOOL_CONVERSION = YES;
				CLANG_WARN_COMMA = YES;
				CLANG_WARN_CONSTANT_CONVERSION = YES;
				CLANG_WARN_DEPRECATED_OBJC_IMPLEMENTATIONS = YES;
				CLANG_WARN_DIRECT_OBJC_ISA_USAGE = YES_ERROR;
				CLANG_WARN_DOCUMENTATION_COMMENTS = YES;
				CLANG_WARN_EMPTY_BODY = YES;
				CLANG_WARN_ENUM_CONVERSION = YES;
				CLANG_WARN_INFINITE_RECURSION = YES;
				CLANG_WARN_INT_CONVERSION = YES;
				CLANG_WARN_NON_LITERAL_NULL_CONVERSION = YES;
				CLANG_WARN_OBJC_IMPLICIT_RETAIN_SELF = YES;
				CLANG_WARN_OBJC_LITERAL_CONVERSION = YES;
				CLANG_WARN_OBJC_ROOT_CLASS = YES_ERROR;
				CLANG_WARN_QUOTED_INCLUDE_IN_FRAMEWORK_HEADER = YES;
				CLANG_WARN_RANGE_LOOP_ANALYSIS = YES;
				CLANG_WARN_STRICT_PROTOTYPES = YES;
				CLANG_WARN_SUSPICIOUS_MOVE = YES;
				CLANG_WARN_UNGUARDED_AVAILABILITY = YES_AGGRESSIVE;
				CLANG_WARN_UNREACHABLE_CODE = YES;
				CLANG_WARN__DUPLICATE_METHOD_MATCH = YES;
				COPY_PHASE_STRIP = NO;
				DEBUG_INFORMATION_FORMAT = dwarf;
				ENABLE_STRICT_OBJC_MSGSEND = YES;
				ENABLE_TESTABILITY = YES;
				ENABLE_USER_SCRIPT_SANDBOXING = YES;
				GCC_C_LANGUAGE_STANDARD = gnu17;
				GCC_DYNAMIC_NO_PIC = NO;
				GCC_NO_COMMON_BLOCKS = YES;
				GCC_OPTIMIZATION_LEVEL = 0;
				GCC_PREPROCESSOR_DEFINITIONS = (
					"DEBUG=1",
					"$(inherited)",
				);
				GCC_WARN_64_TO_32_BIT_CONVERSION = YES;
				GCC_WARN_ABOUT_RETURN_TYPE = YES_ERROR;
				GCC_WARN_UNDECLARED_SELECTOR = YES;
				GCC_WARN_UNINITIALIZED_AUTOS = YES_AGGRESSIVE;
				GCC_WARN_UNUSED_FUNCTION = YES;
				GCC_WARN_UNUSED_VARIABLE = YES;
				LOCALIZATION_PREFERS_STRING_CATALOGS = YES;
				MTL_ENABLE_DEBUG_INFO = INCLUDE_SOURCE;
				MTL_FAST_MATH = YES;
				ONLY_ACTIVE_ARCH = YES;
				SWIFT_ACTIVE_COMPILATION_CONDITIONS = "DEBUG $(inherited)";
				SWIFT_OPTIMIZATION_LEVEL = "-Onone";
			};
			name = Debug;
		};
		3C8E29A82AF65A3B006F4DEB /* Release */ = {
			isa = XCBuildConfiguration;
			buildSettings = {
				ALWAYS_SEARCH_USER_PATHS = NO;
				ASSETCATALOG_COMPILER_GENERATE_SWIFT_ASSET_SYMBOL_EXTENSIONS = YES;
				CLANG_ANALYZER_NONNULL = YES;
				CLANG_ANALYZER_NUMBER_OBJECT_CONVERSION = YES_AGGRESSIVE;
				CLANG_CXX_LANGUAGE_STANDARD = "gnu++20";
				CLANG_ENABLE_MODULES = YES;
				CLANG_ENABLE_OBJC_ARC = YES;
				CLANG_ENABLE_OBJC_WEAK = YES;
				CLANG_WARN_BLOCK_CAPTURE_AUTORELEASING = YES;
				CLANG_WARN_BOOL_CONVERSION = YES;
				CLANG_WARN_COMMA = YES;
				CLANG_WARN_CONSTANT_CONVERSION = YES;
				CLANG_WARN_DEPRECATED_OBJC_IMPLEMENTATIONS = YES;
				CLANG_WARN_DIRECT_OBJC_ISA_USAGE = YES_ERROR;
				CLANG_WARN_DOCUMENTATION_COMMENTS = YES;
				CLANG_WARN_EMPTY_BODY = YES;
				CLANG_WARN_ENUM_CONVERSION = YES;
				CLANG_WARN_INFINITE_RECURSION = YES;
				CLANG_WARN_INT_CONVERSION = YES;
				CLANG_WARN_NON_LITERAL_NULL_CONVERSION = YES;
				CLANG_WARN_OBJC_IMPLICIT_RETAIN_SELF = YES;
				CLANG_WARN_OBJC_LITERAL_CONVERSION = YES;
				CLANG_WARN_OBJC_ROOT_CLASS = YES_ERROR;
				CLANG_WARN_QUOTED_INCLUDE_IN_FRAMEWORK_HEADER = YES;
				CLANG_WARN_RANGE_LOOP_ANALYSIS = YES;
				CLANG_WARN_STRICT_PROTOTYPES = YES;
				CLANG_WARN_SUSPICIOUS_MOVE = YES;
				CLANG_WARN_UNGUARDED_AVAILABILITY = YES_AGGRESSIVE;
				CLANG_WARN_UNREACHABLE_CODE = YES;
				CLANG_WARN__DUPLICATE_METHOD_MATCH = YES;
				COPY_PHASE_STRIP = NO;
				DEBUG_INFORMATION_FORMAT = "dwarf-with-dsym";
				ENABLE_NS_ASSERTIONS = NO;
				ENABLE_STRICT_OBJC_MSGSEND = YES;
				ENABLE_USER_SCRIPT_SANDBOXING = YES;
				GCC_C_LANGUAGE_STANDARD = gnu17;
				GCC_NO_COMMON_BLOCKS = YES;
				GCC_WARN_64_TO_32_BIT_CONVERSION = YES;
				GCC_WARN_ABOUT_RETURN_TYPE = YES_ERROR;
				GCC_WARN_UNDECLARED_SELECTOR = YES;
				GCC_WARN_UNINITIALIZED_AUTOS = YES_AGGRESSIVE;
				GCC_WARN_UNUSED_FUNCTION = YES;
				GCC_WARN_UNUSED_VARIABLE = YES;
				LOCALIZATION_PREFERS_STRING_CATALOGS = YES;
				MTL_ENABLE_DEBUG_INFO = NO;
				MTL_FAST_MATH = YES;
				SWIFT_COMPILATION_MODE = wholemodule;
			};
			name = Release;
		};
		3C8E29AA2AF65A3B006F4DEB /* Debug */ = {
			isa = XCBuildConfiguration;
			buildSettings = {
				ASSETCATALOG_COMPILER_APPICON_NAME = AppIcon;
				ASSETCATALOG_COMPILER_GLOBAL_ACCENT_COLOR_NAME = AccentColor;
				CODE_SIGN_ENTITLEMENTS = ZephyrOffline/ZephyrOffline.entitlements;
				CODE_SIGN_STYLE = Automatic;
				CURRENT_PROJECT_VERSION = 1;
				DEVELOPMENT_ASSET_PATHS = "\"ZephyrOffline/Preview Content\"";
				DEVELOPMENT_TEAM = 34LVYTMLPW;
				ENABLE_HARDENED_RUNTIME = YES;
				ENABLE_PREVIEWS = YES;
				GENERATE_INFOPLIST_FILE = YES;
				"INFOPLIST_KEY_UIApplicationSceneManifest_Generation[sdk=iphoneos*]" = YES;
				"INFOPLIST_KEY_UIApplicationSceneManifest_Generation[sdk=iphonesimulator*]" = YES;
				"INFOPLIST_KEY_UIApplicationSupportsIndirectInputEvents[sdk=iphoneos*]" = YES;
				"INFOPLIST_KEY_UIApplicationSupportsIndirectInputEvents[sdk=iphonesimulator*]" = YES;
				"INFOPLIST_KEY_UILaunchScreen_Generation[sdk=iphoneos*]" = YES;
				"INFOPLIST_KEY_UILaunchScreen_Generation[sdk=iphonesimulator*]" = YES;
				"INFOPLIST_KEY_UIStatusBarStyle[sdk=iphoneos*]" = UIStatusBarStyleDefault;
				"INFOPLIST_KEY_UIStatusBarStyle[sdk=iphonesimulator*]" = UIStatusBarStyleDefault;
				INFOPLIST_KEY_UISupportedInterfaceOrientations_iPad = "UIInterfaceOrientationPortrait UIInterfaceOrientationPortraitUpsideDown UIInterfaceOrientationLandscapeLeft UIInterfaceOrientationLandscapeRight";
				INFOPLIST_KEY_UISupportedInterfaceOrientations_iPhone = "UIInterfaceOrientationPortrait UIInterfaceOrientationLandscapeLeft UIInterfaceOrientationLandscapeRight";
				IPHONEOS_DEPLOYMENT_TARGET = 16.4;
				LD_RUNPATH_SEARCH_PATHS = "@executable_path/Frameworks";
				"LD_RUNPATH_SEARCH_PATHS[sdk=macosx*]" = "@executable_path/../Frameworks";
				MACOSX_DEPLOYMENT_TARGET = 14.0;
				MARKETING_VERSION = 1.0;
				PRODUCT_BUNDLE_IDENTIFIER = com.ZephyrTeam.AppleAcademy.ZephyrOffline;
				PRODUCT_NAME = "$(TARGET_NAME)";
				SDKROOT = auto;
				SUPPORTED_PLATFORMS = "iphoneos iphonesimulator macosx";
				SWIFT_EMIT_LOC_STRINGS = YES;
				SWIFT_VERSION = 5.0;
				TARGETED_DEVICE_FAMILY = "1,2";
			};
			name = Debug;
		};
		3C8E29AB2AF65A3B006F4DEB /* Release */ = {
			isa = XCBuildConfiguration;
			buildSettings = {
				ASSETCATALOG_COMPILER_APPICON_NAME = AppIcon;
				ASSETCATALOG_COMPILER_GLOBAL_ACCENT_COLOR_NAME = AccentColor;
				CODE_SIGN_ENTITLEMENTS = ZephyrOffline/ZephyrOffline.entitlements;
				CODE_SIGN_STYLE = Automatic;
				CURRENT_PROJECT_VERSION = 1;
				DEVELOPMENT_ASSET_PATHS = "\"ZephyrOffline/Preview Content\"";
				DEVELOPMENT_TEAM = 34LVYTMLPW;
				ENABLE_HARDENED_RUNTIME = YES;
				ENABLE_PREVIEWS = YES;
				GENERATE_INFOPLIST_FILE = YES;
				"INFOPLIST_KEY_UIApplicationSceneManifest_Generation[sdk=iphoneos*]" = YES;
				"INFOPLIST_KEY_UIApplicationSceneManifest_Generation[sdk=iphonesimulator*]" = YES;
				"INFOPLIST_KEY_UIApplicationSupportsIndirectInputEvents[sdk=iphoneos*]" = YES;
				"INFOPLIST_KEY_UIApplicationSupportsIndirectInputEvents[sdk=iphonesimulator*]" = YES;
				"INFOPLIST_KEY_UILaunchScreen_Generation[sdk=iphoneos*]" = YES;
				"INFOPLIST_KEY_UILaunchScreen_Generation[sdk=iphonesimulator*]" = YES;
				"INFOPLIST_KEY_UIStatusBarStyle[sdk=iphoneos*]" = UIStatusBarStyleDefault;
				"INFOPLIST_KEY_UIStatusBarStyle[sdk=iphonesimulator*]" = UIStatusBarStyleDefault;
				INFOPLIST_KEY_UISupportedInterfaceOrientations_iPad = "UIInterfaceOrientationPortrait UIInterfaceOrientationPortraitUpsideDown UIInterfaceOrientationLandscapeLeft UIInterfaceOrientationLandscapeRight";
				INFOPLIST_KEY_UISupportedInterfaceOrientations_iPhone = "UIInterfaceOrientationPortrait UIInterfaceOrientationLandscapeLeft UIInterfaceOrientationLandscapeRight";
				IPHONEOS_DEPLOYMENT_TARGET = 16.4;
				LD_RUNPATH_SEARCH_PATHS = "@executable_path/Frameworks";
				"LD_RUNPATH_SEARCH_PATHS[sdk=macosx*]" = "@executable_path/../Frameworks";
				MACOSX_DEPLOYMENT_TARGET = 14.0;
				MARKETING_VERSION = 1.0;
				PRODUCT_BUNDLE_IDENTIFIER = com.ZephyrTeam.AppleAcademy.ZephyrOffline;
				PRODUCT_NAME = "$(TARGET_NAME)";
				SDKROOT = auto;
				SUPPORTED_PLATFORMS = "iphoneos iphonesimulator macosx";
				SWIFT_EMIT_LOC_STRINGS = YES;
				SWIFT_VERSION = 5.0;
				TARGETED_DEVICE_FAMILY = "1,2";
			};
			name = Release;
		};
/* End XCBuildConfiguration section */

/* Begin XCConfigurationList section */
		3C8E29952AF65A3B006F4DEB /* Build configuration list for PBXProject "ZephyrOffline" */ = {
			isa = XCConfigurationList;
			buildConfigurations = (
				3C8E29A72AF65A3B006F4DEB /* Debug */,
				3C8E29A82AF65A3B006F4DEB /* Release */,
			);
			defaultConfigurationIsVisible = 0;
			defaultConfigurationName = Release;
		};
		3C8E29A92AF65A3B006F4DEB /* Build configuration list for PBXNativeTarget "ZephyrOffline" */ = {
			isa = XCConfigurationList;
			buildConfigurations = (
				3C8E29AA2AF65A3B006F4DEB /* Debug */,
				3C8E29AB2AF65A3B006F4DEB /* Release */,
			);
			defaultConfigurationIsVisible = 0;
			defaultConfigurationName = Release;
		};
/* End XCConfigurationList section */

/* Begin XCVersionGroup section */
		3C8E29E02AF66FF1006F4DEB /* DataModel.xcdatamodeld */ = {
			isa = XCVersionGroup;
			children = (
				3C8E29E12AF66FF1006F4DEB /* DataModel.xcdatamodel */,
			);
			currentVersion = 3C8E29E12AF66FF1006F4DEB /* DataModel.xcdatamodel */;
			path = DataModel.xcdatamodeld;
			sourceTree = "<group>";
			versionGroupType = wrapper.xcdatamodel;
		};
/* End XCVersionGroup section */
	};
	rootObject = 3C8E29922AF65A3B006F4DEB /* Project object */;
}
